// !$*UTF8*$!
{
	archiveVersion = 1;
	classes = {
	};
	objectVersion = 51;
	objects = {

/* Begin PBXBuildFile section */
		8B1BF0D925261DEF003DD98A /* AppDelegate.swift in Sources */ = {isa = PBXBuildFile; fileRef = 8B1BF0D825261DEF003DD98A /* AppDelegate.swift */; };
		8B1BF0DB25261DEF003DD98A /* SceneDelegate.swift in Sources */ = {isa = PBXBuildFile; fileRef = 8B1BF0DA25261DEF003DD98A /* SceneDelegate.swift */; };
		8B1BF0E025261DEF003DD98A /* Main.storyboard in Resources */ = {isa = PBXBuildFile; fileRef = 8B1BF0DE25261DEF003DD98A /* Main.storyboard */; };
		8B1BF0E225261DEF003DD98A /* Assets.xcassets in Resources */ = {isa = PBXBuildFile; fileRef = 8B1BF0E125261DEF003DD98A /* Assets.xcassets */; };
		8B1BF0E525261DEF003DD98A /* LaunchScreen.storyboard in Resources */ = {isa = PBXBuildFile; fileRef = 8B1BF0E325261DEF003DD98A /* LaunchScreen.storyboard */; };
		8BAF4CC2256FF12B00585302 /* DefaultViewController.swift in Sources */ = {isa = PBXBuildFile; fileRef = 8BAF4CC1256FF12B00585302 /* DefaultViewController.swift */; };
		8BAF4CC5256FF14300585302 /* AlamofireViewController.swift in Sources */ = {isa = PBXBuildFile; fileRef = 8BAF4CC4256FF14300585302 /* AlamofireViewController.swift */; };
		8BAF4CDE2570159200585302 /* ViewController.swift in Sources */ = {isa = PBXBuildFile; fileRef = 8BAF4CDD2570159200585302 /* ViewController.swift */; };
		8BAF4CE52570774C00585302 /* WeatherForecast.swift in Sources */ = {isa = PBXBuildFile; fileRef = 8BAF4CE42570774C00585302 /* WeatherForecast.swift */; };
		8BAF4CEA2570783E00585302 /* ForecastWeatherLoader.swift in Sources */ = {isa = PBXBuildFile; fileRef = 8BAF4CE92570783E00585302 /* ForecastWeatherLoader.swift */; };
		8BAF4CED257080FE00585302 /* ForecastTableViewCell.swift in Sources */ = {isa = PBXBuildFile; fileRef = 8BAF4CEC257080FE00585302 /* ForecastTableViewCell.swift */; };
		8BAF4CF02570823900585302 /* Forecast.swift in Sources */ = {isa = PBXBuildFile; fileRef = 8BAF4CEF2570823900585302 /* Forecast.swift */; };
		EC366D54B4E3BBCDC32568DA /* Pods_StudyProject12.framework in Frameworks */ = {isa = PBXBuildFile; fileRef = F586F66DBCC4A6D8F46CBE92 /* Pods_StudyProject12.framework */; };
/* End PBXBuildFile section */

/* Begin PBXFileReference section */
		8B1BF0D525261DEF003DD98A /* StudyProject12.app */ = {isa = PBXFileReference; explicitFileType = wrapper.application; includeInIndex = 0; path = StudyProject12.app; sourceTree = BUILT_PRODUCTS_DIR; };
		8B1BF0D825261DEF003DD98A /* AppDelegate.swift */ = {isa = PBXFileReference; lastKnownFileType = sourcecode.swift; path = AppDelegate.swift; sourceTree = "<group>"; };
		8B1BF0DA25261DEF003DD98A /* SceneDelegate.swift */ = {isa = PBXFileReference; lastKnownFileType = sourcecode.swift; path = SceneDelegate.swift; sourceTree = "<group>"; };
		8B1BF0DF25261DEF003DD98A /* Base */ = {isa = PBXFileReference; lastKnownFileType = file.storyboard; name = Base; path = Base.lproj/Main.storyboard; sourceTree = "<group>"; };
		8B1BF0E125261DEF003DD98A /* Assets.xcassets */ = {isa = PBXFileReference; lastKnownFileType = folder.assetcatalog; path = Assets.xcassets; sourceTree = "<group>"; };
		8B1BF0E425261DEF003DD98A /* Base */ = {isa = PBXFileReference; lastKnownFileType = file.storyboard; name = Base; path = Base.lproj/LaunchScreen.storyboard; sourceTree = "<group>"; };
		8B1BF0E625261DEF003DD98A /* Info.plist */ = {isa = PBXFileReference; lastKnownFileType = text.plist.xml; path = Info.plist; sourceTree = "<group>"; };
		8BAF4CC1256FF12B00585302 /* DefaultViewController.swift */ = {isa = PBXFileReference; lastKnownFileType = sourcecode.swift; path = DefaultViewController.swift; sourceTree = "<group>"; };
		8BAF4CC4256FF14300585302 /* AlamofireViewController.swift */ = {isa = PBXFileReference; lastKnownFileType = sourcecode.swift; path = AlamofireViewController.swift; sourceTree = "<group>"; };
		8BAF4CDD2570159200585302 /* ViewController.swift */ = {isa = PBXFileReference; lastKnownFileType = sourcecode.swift; path = ViewController.swift; sourceTree = "<group>"; };
		8BAF4CE42570774C00585302 /* WeatherForecast.swift */ = {isa = PBXFileReference; lastKnownFileType = sourcecode.swift; path = WeatherForecast.swift; sourceTree = "<group>"; };
		8BAF4CE92570783E00585302 /* ForecastWeatherLoader.swift */ = {isa = PBXFileReference; lastKnownFileType = sourcecode.swift; path = ForecastWeatherLoader.swift; sourceTree = "<group>"; };
		8BAF4CEC257080FE00585302 /* ForecastTableViewCell.swift */ = {isa = PBXFileReference; lastKnownFileType = sourcecode.swift; path = ForecastTableViewCell.swift; sourceTree = "<group>"; };
		8BAF4CEF2570823900585302 /* Forecast.swift */ = {isa = PBXFileReference; lastKnownFileType = sourcecode.swift; path = Forecast.swift; sourceTree = "<group>"; };
		B6D3FE8A41C6E1A599CB13D7 /* Pods-StudyProject12.release.xcconfig */ = {isa = PBXFileReference; includeInIndex = 1; lastKnownFileType = text.xcconfig; name = "Pods-StudyProject12.release.xcconfig"; path = "Target Support Files/Pods-StudyProject12/Pods-StudyProject12.release.xcconfig"; sourceTree = "<group>"; };
		D3B0E5387852AD7DD6123CAA /* Pods-StudyProject12.debug.xcconfig */ = {isa = PBXFileReference; includeInIndex = 1; lastKnownFileType = text.xcconfig; name = "Pods-StudyProject12.debug.xcconfig"; path = "Target Support Files/Pods-StudyProject12/Pods-StudyProject12.debug.xcconfig"; sourceTree = "<group>"; };
		F586F66DBCC4A6D8F46CBE92 /* Pods_StudyProject12.framework */ = {isa = PBXFileReference; explicitFileType = wrapper.framework; includeInIndex = 0; path = Pods_StudyProject12.framework; sourceTree = BUILT_PRODUCTS_DIR; };
/* End PBXFileReference section */

/* Begin PBXFrameworksBuildPhase section */
		8B1BF0D225261DEF003DD98A /* Frameworks */ = {
			isa = PBXFrameworksBuildPhase;
			buildActionMask = 2147483647;
			files = (
				EC366D54B4E3BBCDC32568DA /* Pods_StudyProject12.framework in Frameworks */,
			);
			runOnlyForDeploymentPostprocessing = 0;
		};
/* End PBXFrameworksBuildPhase section */

/* Begin PBXGroup section */
		8B1BF0CC25261DEF003DD98A = {
			isa = PBXGroup;
			children = (
				8B1BF0D725261DEF003DD98A /* StudyProject12 */,
				8B1BF0D625261DEF003DD98A /* Products */,
				D736C21361EDE35917DD896C /* Pods */,
				AADF86C914178A7409249C20 /* Frameworks */,
			);
			sourceTree = "<group>";
		};
		8B1BF0D625261DEF003DD98A /* Products */ = {
			isa = PBXGroup;
			children = (
				8B1BF0D525261DEF003DD98A /* StudyProject12.app */,
			);
			name = Products;
			sourceTree = "<group>";
		};
		8B1BF0D725261DEF003DD98A /* StudyProject12 */ = {
			isa = PBXGroup;
			children = (
				8BAF4CDD2570159200585302 /* ViewController.swift */,
				8BAF4CC8256FF15A00585302 /* Default */,
				8BAF4CCA256FF16700585302 /* Alamofire */,
				8BAF4CE42570774C00585302 /* WeatherForecast.swift */,
				8BAF4CEF2570823900585302 /* Forecast.swift */,
				8B1BF0DE25261DEF003DD98A /* Main.storyboard */,
				8B1BF0EE25261E11003DD98A /* Supporting Files */,
				8B1BF0E625261DEF003DD98A /* Info.plist */,
			);
			path = StudyProject12;
			sourceTree = "<group>";
		};
		8B1BF0EE25261E11003DD98A /* Supporting Files */ = {
			isa = PBXGroup;
			children = (
				8B1BF0D825261DEF003DD98A /* AppDelegate.swift */,
				8B1BF0DA25261DEF003DD98A /* SceneDelegate.swift */,
				8B1BF0E125261DEF003DD98A /* Assets.xcassets */,
				8B1BF0E325261DEF003DD98A /* LaunchScreen.storyboard */,
			);
			path = "Supporting Files";
			sourceTree = "<group>";
		};
		8BAF4CC8256FF15A00585302 /* Default */ = {
			isa = PBXGroup;
			children = (
				8BAF4CC1256FF12B00585302 /* DefaultViewController.swift */,
				8BAF4CE92570783E00585302 /* ForecastWeatherLoader.swift */,
				8BAF4CEC257080FE00585302 /* ForecastTableViewCell.swift */,
			);
			path = Default;
			sourceTree = "<group>";
		};
		8BAF4CCA256FF16700585302 /* Alamofire */ = {
			isa = PBXGroup;
			children = (
				8BAF4CC4256FF14300585302 /* AlamofireViewController.swift */,
			);
			path = Alamofire;
			sourceTree = "<group>";
		};
		AADF86C914178A7409249C20 /* Frameworks */ = {
			isa = PBXGroup;
			children = (
				F586F66DBCC4A6D8F46CBE92 /* Pods_StudyProject12.framework */,
			);
			name = Frameworks;
			sourceTree = "<group>";
		};
		D736C21361EDE35917DD896C /* Pods */ = {
			isa = PBXGroup;
			children = (
				D3B0E5387852AD7DD6123CAA /* Pods-StudyProject12.debug.xcconfig */,
				B6D3FE8A41C6E1A599CB13D7 /* Pods-StudyProject12.release.xcconfig */,
			);
			path = Pods;
			sourceTree = "<group>";
		};
/* End PBXGroup section */

/* Begin PBXNativeTarget section */
		8B1BF0D425261DEF003DD98A /* StudyProject12 */ = {
			isa = PBXNativeTarget;
			buildConfigurationList = 8B1BF0E925261DEF003DD98A /* Build configuration list for PBXNativeTarget "StudyProject12" */;
			buildPhases = (
				8CBE98441506DD7C499A3AFC /* [CP] Check Pods Manifest.lock */,
				8B1BF0D125261DEF003DD98A /* Sources */,
				8B1BF0D225261DEF003DD98A /* Frameworks */,
				8B1BF0D325261DEF003DD98A /* Resources */,
				AE9CE3A77B9BB8D1BE5257E0 /* [CP] Embed Pods Frameworks */,
			);
			buildRules = (
			);
			dependencies = (
			);
			name = StudyProject12;
			productName = StudyProject12;
			productReference = 8B1BF0D525261DEF003DD98A /* StudyProject12.app */;
			productType = "com.apple.product-type.application";
		};
/* End PBXNativeTarget section */

/* Begin PBXProject section */
		8B1BF0CD25261DEF003DD98A /* Project object */ = {
			isa = PBXProject;
			attributes = {
				LastSwiftUpdateCheck = 1200;
				LastUpgradeCheck = 1200;
				TargetAttributes = {
					8B1BF0D425261DEF003DD98A = {
						CreatedOnToolsVersion = 12.0.1;
					};
				};
			};
			buildConfigurationList = 8B1BF0D025261DEF003DD98A /* Build configuration list for PBXProject "StudyProject12" */;
			compatibilityVersion = "Xcode 9.3";
			developmentRegion = en;
			hasScannedForEncodings = 0;
			knownRegions = (
				en,
				Base,
			);
			mainGroup = 8B1BF0CC25261DEF003DD98A;
			productRefGroup = 8B1BF0D625261DEF003DD98A /* Products */;
			projectDirPath = "";
			projectRoot = "";
			targets = (
				8B1BF0D425261DEF003DD98A /* StudyProject12 */,
			);
		};
/* End PBXProject section */

/* Begin PBXResourcesBuildPhase section */
		8B1BF0D325261DEF003DD98A /* Resources */ = {
			isa = PBXResourcesBuildPhase;
			buildActionMask = 2147483647;
			files = (
				8B1BF0E525261DEF003DD98A /* LaunchScreen.storyboard in Resources */,
				8B1BF0E225261DEF003DD98A /* Assets.xcassets in Resources */,
				8B1BF0E025261DEF003DD98A /* Main.storyboard in Resources */,
			);
			runOnlyForDeploymentPostprocessing = 0;
		};
/* End PBXResourcesBuildPhase section */

/* Begin PBXShellScriptBuildPhase section */
		8CBE98441506DD7C499A3AFC /* [CP] Check Pods Manifest.lock */ = {
			isa = PBXShellScriptBuildPhase;
			buildActionMask = 2147483647;
			files = (
			);
			inputFileListPaths = (
			);
			inputPaths = (
				"${PODS_PODFILE_DIR_PATH}/Podfile.lock",
				"${PODS_ROOT}/Manifest.lock",
			);
			name = "[CP] Check Pods Manifest.lock";
			outputFileListPaths = (
			);
			outputPaths = (
				"$(DERIVED_FILE_DIR)/Pods-StudyProject12-checkManifestLockResult.txt",
			);
			runOnlyForDeploymentPostprocessing = 0;
			shellPath = /bin/sh;
			shellScript = "diff \"${PODS_PODFILE_DIR_PATH}/Podfile.lock\" \"${PODS_ROOT}/Manifest.lock\" > /dev/null\nif [ $? != 0 ] ; then\n    # print error to STDERR\n    echo \"error: The sandbox is not in sync with the Podfile.lock. Run 'pod install' or update your CocoaPods installation.\" >&2\n    exit 1\nfi\n# This output is used by Xcode 'outputs' to avoid re-running this script phase.\necho \"SUCCESS\" > \"${SCRIPT_OUTPUT_FILE_0}\"\n";
			showEnvVarsInLog = 0;
		};
		AE9CE3A77B9BB8D1BE5257E0 /* [CP] Embed Pods Frameworks */ = {
			isa = PBXShellScriptBuildPhase;
			buildActionMask = 2147483647;
			files = (
			);
			inputFileListPaths = (
				"${PODS_ROOT}/Target Support Files/Pods-StudyProject12/Pods-StudyProject12-frameworks-${CONFIGURATION}-input-files.xcfilelist",
			);
			name = "[CP] Embed Pods Frameworks";
			outputFileListPaths = (
				"${PODS_ROOT}/Target Support Files/Pods-StudyProject12/Pods-StudyProject12-frameworks-${CONFIGURATION}-output-files.xcfilelist",
			);
			runOnlyForDeploymentPostprocessing = 0;
			shellPath = /bin/sh;
			shellScript = "\"${PODS_ROOT}/Target Support Files/Pods-StudyProject12/Pods-StudyProject12-frameworks.sh\"\n";
			showEnvVarsInLog = 0;
		};
/* End PBXShellScriptBuildPhase section */

/* Begin PBXSourcesBuildPhase section */
		8B1BF0D125261DEF003DD98A /* Sources */ = {
			isa = PBXSourcesBuildPhase;
			buildActionMask = 2147483647;
			files = (
				8BAF4CC2256FF12B00585302 /* DefaultViewController.swift in Sources */,
				8B1BF0D925261DEF003DD98A /* AppDelegate.swift in Sources */,
				8B1BF0DB25261DEF003DD98A /* SceneDelegate.swift in Sources */,
				8BAF4CEA2570783E00585302 /* ForecastWeatherLoader.swift in Sources */,
				8BAF4CDE2570159200585302 /* ViewController.swift in Sources */,
				8BAF4CED257080FE00585302 /* ForecastTableViewCell.swift in Sources */,
				8BAF4CC5256FF14300585302 /* AlamofireViewController.swift in Sources */,
				8BAF4CF02570823900585302 /* Forecast.swift in Sources */,
				8BAF4CE52570774C00585302 /* WeatherForecast.swift in Sources */,
			);
			runOnlyForDeploymentPostprocessing = 0;
		};
/* End PBXSourcesBuildPhase section */

/* Begin PBXVariantGroup section */
		8B1BF0DE25261DEF003DD98A /* Main.storyboard */ = {
			isa = PBXVariantGroup;
			children = (
				8B1BF0DF25261DEF003DD98A /* Base */,
			);
			name = Main.storyboard;
			sourceTree = "<group>";
		};
		8B1BF0E325261DEF003DD98A /* LaunchScreen.storyboard */ = {
			isa = PBXVariantGroup;
			children = (
				8B1BF0E425261DEF003DD98A /* Base */,
			);
			name = LaunchScreen.storyboard;
			sourceTree = "<group>";
		};
/* End PBXVariantGroup section */

/* Begin XCBuildConfiguration section */
		8B1BF0E725261DEF003DD98A /* Debug */ = {
			isa = XCBuildConfiguration;
			buildSettings = {
				ALWAYS_SEARCH_USER_PATHS = NO;
				CLANG_ANALYZER_NONNULL = YES;
				CLANG_ANALYZER_NUMBER_OBJECT_CONVERSION = YES_AGGRESSIVE;
				CLANG_CXX_LANGUAGE_STANDARD = "gnu++14";
				CLANG_CXX_LIBRARY = "libc++";
				CLANG_ENABLE_MODULES = YES;
				CLANG_ENABLE_OBJC_ARC = YES;
				CLANG_ENABLE_OBJC_WEAK = YES;
				CLANG_WARN_BLOCK_CAPTURE_AUTORELEASING = YES;
				CLANG_WARN_BOOL_CONVERSION = YES;
				CLANG_WARN_COMMA = YES;
				CLANG_WARN_CONSTANT_CONVERSION = YES;
				CLANG_WARN_DEPRECATED_OBJC_IMPLEMENTATIONS = YES;
				CLANG_WARN_DIRECT_OBJC_ISA_USAGE = YES_ERROR;
				CLANG_WARN_DOCUMENTATION_COMMENTS = YES;
				CLANG_WARN_EMPTY_BODY = YES;
				CLANG_WARN_ENUM_CONVERSION = YES;
				CLANG_WARN_INFINITE_RECURSION = YES;
				CLANG_WARN_INT_CONVERSION = YES;
				CLANG_WARN_NON_LITERAL_NULL_CONVERSION = YES;
				CLANG_WARN_OBJC_IMPLICIT_RETAIN_SELF = YES;
				CLANG_WARN_OBJC_LITERAL_CONVERSION = YES;
				CLANG_WARN_OBJC_ROOT_CLASS = YES_ERROR;
				CLANG_WARN_QUOTED_INCLUDE_IN_FRAMEWORK_HEADER = YES;
				CLANG_WARN_RANGE_LOOP_ANALYSIS = YES;
				CLANG_WARN_STRICT_PROTOTYPES = YES;
				CLANG_WARN_SUSPICIOUS_MOVE = YES;
				CLANG_WARN_UNGUARDED_AVAILABILITY = YES_AGGRESSIVE;
				CLANG_WARN_UNREACHABLE_CODE = YES;
				CLANG_WARN__DUPLICATE_METHOD_MATCH = YES;
				COPY_PHASE_STRIP = NO;
				DEBUG_INFORMATION_FORMAT = dwarf;
				ENABLE_STRICT_OBJC_MSGSEND = YES;
				ENABLE_TESTABILITY = YES;
				GCC_C_LANGUAGE_STANDARD = gnu11;
				GCC_DYNAMIC_NO_PIC = NO;
				GCC_NO_COMMON_BLOCKS = YES;
				GCC_OPTIMIZATION_LEVEL = 0;
				GCC_PREPROCESSOR_DEFINITIONS = (
					"DEBUG=1",
					"$(inherited)",
				);
				GCC_WARN_64_TO_32_BIT_CONVERSION = YES;
				GCC_WARN_ABOUT_RETURN_TYPE = YES_ERROR;
				GCC_WARN_UNDECLARED_SELECTOR = YES;
				GCC_WARN_UNINITIALIZED_AUTOS = YES_AGGRESSIVE;
				GCC_WARN_UNUSED_FUNCTION = YES;
				GCC_WARN_UNUSED_VARIABLE = YES;
				IPHONEOS_DEPLOYMENT_TARGET = 14.0;
				MTL_ENABLE_DEBUG_INFO = INCLUDE_SOURCE;
				MTL_FAST_MATH = YES;
				ONLY_ACTIVE_ARCH = YES;
				SDKROOT = iphoneos;
				SWIFT_ACTIVE_COMPILATION_CONDITIONS = DEBUG;
				SWIFT_OPTIMIZATION_LEVEL = "-Onone";
			};
			name = Debug;
		};
		8B1BF0E825261DEF003DD98A /* Release */ = {
			isa = XCBuildConfiguration;
			buildSettings = {
				ALWAYS_SEARCH_USER_PATHS = NO;
				CLANG_ANALYZER_NONNULL = YES;
				CLANG_ANALYZER_NUMBER_OBJECT_CONVERSION = YES_AGGRESSIVE;
				CLANG_CXX_LANGUAGE_STANDARD = "gnu++14";
				CLANG_CXX_LIBRARY = "libc++";
				CLANG_ENABLE_MODULES = YES;
				CLANG_ENABLE_OBJC_ARC = YES;
				CLANG_ENABLE_OBJC_WEAK = YES;
				CLANG_WARN_BLOCK_CAPTURE_AUTORELEASING = YES;
				CLANG_WARN_BOOL_CONVERSION = YES;
				CLANG_WARN_COMMA = YES;
				CLANG_WARN_CONSTANT_CONVERSION = YES;
				CLANG_WARN_DEPRECATED_OBJC_IMPLEMENTATIONS = YES;
				CLANG_WARN_DIRECT_OBJC_ISA_USAGE = YES_ERROR;
				CLANG_WARN_DOCUMENTATION_COMMENTS = YES;
				CLANG_WARN_EMPTY_BODY = YES;
				CLANG_WARN_ENUM_CONVERSION = YES;
				CLANG_WARN_INFINITE_RECURSION = YES;
				CLANG_WARN_INT_CONVERSION = YES;
				CLANG_WARN_NON_LITERAL_NULL_CONVERSION = YES;
				CLANG_WARN_OBJC_IMPLICIT_RETAIN_SELF = YES;
				CLANG_WARN_OBJC_LITERAL_CONVERSION = YES;
				CLANG_WARN_OBJC_ROOT_CLASS = YES_ERROR;
				CLANG_WARN_QUOTED_INCLUDE_IN_FRAMEWORK_HEADER = YES;
				CLANG_WARN_RANGE_LOOP_ANALYSIS = YES;
				CLANG_WARN_STRICT_PROTOTYPES = YES;
				CLANG_WARN_SUSPICIOUS_MOVE = YES;
				CLANG_WARN_UNGUARDED_AVAILABILITY = YES_AGGRESSIVE;
				CLANG_WARN_UNREACHABLE_CODE = YES;
				CLANG_WARN__DUPLICATE_METHOD_MATCH = YES;
				COPY_PHASE_STRIP = NO;
				DEBUG_INFORMATION_FORMAT = "dwarf-with-dsym";
				ENABLE_NS_ASSERTIONS = NO;
				ENABLE_STRICT_OBJC_MSGSEND = YES;
				GCC_C_LANGUAGE_STANDARD = gnu11;
				GCC_NO_COMMON_BLOCKS = YES;
				GCC_WARN_64_TO_32_BIT_CONVERSION = YES;
				GCC_WARN_ABOUT_RETURN_TYPE = YES_ERROR;
				GCC_WARN_UNDECLARED_SELECTOR = YES;
				GCC_WARN_UNINITIALIZED_AUTOS = YES_AGGRESSIVE;
				GCC_WARN_UNUSED_FUNCTION = YES;
				GCC_WARN_UNUSED_VARIABLE = YES;
				IPHONEOS_DEPLOYMENT_TARGET = 14.0;
				MTL_ENABLE_DEBUG_INFO = NO;
				MTL_FAST_MATH = YES;
				SDKROOT = iphoneos;
				SWIFT_COMPILATION_MODE = wholemodule;
				SWIFT_OPTIMIZATION_LEVEL = "-O";
				VALIDATE_PRODUCT = YES;
			};
			name = Release;
		};
		8B1BF0EA25261DEF003DD98A /* Debug */ = {
			isa = XCBuildConfiguration;
			baseConfigurationReference = D3B0E5387852AD7DD6123CAA /* Pods-StudyProject12.debug.xcconfig */;
			buildSettings = {
				ASSETCATALOG_COMPILER_APPICON_NAME = AppIcon;
				ASSETCATALOG_COMPILER_GLOBAL_ACCENT_COLOR_NAME = AccentColor;
				CODE_SIGN_STYLE = Automatic;
				DEVELOPMENT_TEAM = WQ6FU7ZZ8T;
				INFOPLIST_FILE = StudyProject12/Info.plist;
				IPHONEOS_DEPLOYMENT_TARGET = 13.0;
				LD_RUNPATH_SEARCH_PATHS = (
					"$(inherited)",
					"@executable_path/Frameworks",
				);
				PRODUCT_BUNDLE_IDENTIFIER = qq.StudyProject12;
				PRODUCT_NAME = "$(TARGET_NAME)";
				SWIFT_VERSION = 5.0;
				TARGETED_DEVICE_FAMILY = "1,2";
			};
			name = Debug;
		};
		8B1BF0EB25261DEF003DD98A /* Release */ = {
			isa = XCBuildConfiguration;
			baseConfigurationReference = B6D3FE8A41C6E1A599CB13D7 /* Pods-StudyProject12.release.xcconfig */;
			buildSettings = {
				ASSETCATALOG_COMPILER_APPICON_NAME = AppIcon;
				ASSETCATALOG_COMPILER_GLOBAL_ACCENT_COLOR_NAME = AccentColor;
				CODE_SIGN_STYLE = Automatic;
				DEVELOPMENT_TEAM = WQ6FU7ZZ8T;
				INFOPLIST_FILE = StudyProject12/Info.plist;
				IPHONEOS_DEPLOYMENT_TARGET = 13.0;
				LD_RUNPATH_SEARCH_PATHS = (
					"$(inherited)",
					"@executable_path/Frameworks",
				);
				PRODUCT_BUNDLE_IDENTIFIER = qq.StudyProject12;
				PRODUCT_NAME = "$(TARGET_NAME)";
				SWIFT_VERSION = 5.0;
				TARGETED_DEVICE_FAMILY = "1,2";
			};
			name = Release;
		};
/* End XCBuildConfiguration section */

/* Begin XCConfigurationList section */
		8B1BF0D025261DEF003DD98A /* Build configuration list for PBXProject "StudyProject12" */ = {
			isa = XCConfigurationList;
			buildConfigurations = (
				8B1BF0E725261DEF003DD98A /* Debug */,
				8B1BF0E825261DEF003DD98A /* Release */,
			);
			defaultConfigurationIsVisible = 0;
			defaultConfigurationName = Release;
		};
		8B1BF0E925261DEF003DD98A /* Build configuration list for PBXNativeTarget "StudyProject12" */ = {
			isa = XCConfigurationList;
			buildConfigurations = (
				8B1BF0EA25261DEF003DD98A /* Debug */,
				8B1BF0EB25261DEF003DD98A /* Release */,
			);
			defaultConfigurationIsVisible = 0;
			defaultConfigurationName = Release;
		};
/* End XCConfigurationList section */
	};
	rootObject = 8B1BF0CD25261DEF003DD98A /* Project object */;
}
