// !$*UTF8*$!
{
	archiveVersion = 1;
	classes = {
	};
	objectVersion = 50;
	objects = {

/* Begin PBXBuildFile section */
		8BA5FD9624335292008D749F /* AppDelegate.swift in Sources */ = {isa = PBXBuildFile; fileRef = 8BA5FD9524335292008D749F /* AppDelegate.swift */; };
		8BA5FD9824335292008D749F /* SceneDelegate.swift in Sources */ = {isa = PBXBuildFile; fileRef = 8BA5FD9724335292008D749F /* SceneDelegate.swift */; };
		8BA5FD9A24335292008D749F /* ViewController.swift in Sources */ = {isa = PBXBuildFile; fileRef = 8BA5FD9924335292008D749F /* ViewController.swift */; };
		8BA5FD9D24335292008D749F /* Main.storyboard in Resources */ = {isa = PBXBuildFile; fileRef = 8BA5FD9B24335292008D749F /* Main.storyboard */; };
		8BA5FD9F24335292008D749F /* Assets.xcassets in Resources */ = {isa = PBXBuildFile; fileRef = 8BA5FD9E24335292008D749F /* Assets.xcassets */; };
		8BA5FDA224335292008D749F /* LaunchScreen.storyboard in Resources */ = {isa = PBXBuildFile; fileRef = 8BA5FDA024335292008D749F /* LaunchScreen.storyboard */; };
		8BA5FDAD24335292008D749F /* StudyProject7Tests.swift in Sources */ = {isa = PBXBuildFile; fileRef = 8BA5FDAC24335292008D749F /* StudyProject7Tests.swift */; };
		8BA5FDB824335292008D749F /* StudyProject7UITests.swift in Sources */ = {isa = PBXBuildFile; fileRef = 8BA5FDB724335292008D749F /* StudyProject7UITests.swift */; };
		8BA5FDC62433AA7E008D749F /* AnotherViewController.swift in Sources */ = {isa = PBXBuildFile; fileRef = 8BA5FDC52433AA7E008D749F /* AnotherViewController.swift */; };
/* End PBXBuildFile section */

/* Begin PBXContainerItemProxy section */
		8BA5FDA924335292008D749F /* PBXContainerItemProxy */ = {
			isa = PBXContainerItemProxy;
			containerPortal = 8BA5FD8A24335292008D749F /* Project object */;
			proxyType = 1;
			remoteGlobalIDString = 8BA5FD9124335292008D749F;
			remoteInfo = StudyProject7;
		};
		8BA5FDB424335292008D749F /* PBXContainerItemProxy */ = {
			isa = PBXContainerItemProxy;
			containerPortal = 8BA5FD8A24335292008D749F /* Project object */;
			proxyType = 1;
			remoteGlobalIDString = 8BA5FD9124335292008D749F;
			remoteInfo = StudyProject7;
		};
/* End PBXContainerItemProxy section */

/* Begin PBXFileReference section */
		8BA5FD9224335292008D749F /* StudyProject7.app */ = {isa = PBXFileReference; explicitFileType = wrapper.application; includeInIndex = 0; path = StudyProject7.app; sourceTree = BUILT_PRODUCTS_DIR; };
		8BA5FD9524335292008D749F /* AppDelegate.swift */ = {isa = PBXFileReference; lastKnownFileType = sourcecode.swift; path = AppDelegate.swift; sourceTree = "<group>"; };
		8BA5FD9724335292008D749F /* SceneDelegate.swift */ = {isa = PBXFileReference; lastKnownFileType = sourcecode.swift; path = SceneDelegate.swift; sourceTree = "<group>"; };
		8BA5FD9924335292008D749F /* ViewController.swift */ = {isa = PBXFileReference; lastKnownFileType = sourcecode.swift; path = ViewController.swift; sourceTree = "<group>"; };
		8BA5FD9C24335292008D749F /* Base */ = {isa = PBXFileReference; lastKnownFileType = file.storyboard; name = Base; path = Base.lproj/Main.storyboard; sourceTree = "<group>"; };
		8BA5FD9E24335292008D749F /* Assets.xcassets */ = {isa = PBXFileReference; lastKnownFileType = folder.assetcatalog; path = Assets.xcassets; sourceTree = "<group>"; };
		8BA5FDA124335292008D749F /* Base */ = {isa = PBXFileReference; lastKnownFileType = file.storyboard; name = Base; path = Base.lproj/LaunchScreen.storyboard; sourceTree = "<group>"; };
		8BA5FDA324335292008D749F /* Info.plist */ = {isa = PBXFileReference; lastKnownFileType = text.plist.xml; path = Info.plist; sourceTree = "<group>"; };
		8BA5FDA824335292008D749F /* StudyProject7Tests.xctest */ = {isa = PBXFileReference; explicitFileType = wrapper.cfbundle; includeInIndex = 0; path = StudyProject7Tests.xctest; sourceTree = BUILT_PRODUCTS_DIR; };
		8BA5FDAC24335292008D749F /* StudyProject7Tests.swift */ = {isa = PBXFileReference; lastKnownFileType = sourcecode.swift; path = StudyProject7Tests.swift; sourceTree = "<group>"; };
		8BA5FDAE24335292008D749F /* Info.plist */ = {isa = PBXFileReference; lastKnownFileType = text.plist.xml; path = Info.plist; sourceTree = "<group>"; };
		8BA5FDB324335292008D749F /* StudyProject7UITests.xctest */ = {isa = PBXFileReference; explicitFileType = wrapper.cfbundle; includeInIndex = 0; path = StudyProject7UITests.xctest; sourceTree = BUILT_PRODUCTS_DIR; };
		8BA5FDB724335292008D749F /* StudyProject7UITests.swift */ = {isa = PBXFileReference; lastKnownFileType = sourcecode.swift; path = StudyProject7UITests.swift; sourceTree = "<group>"; };
		8BA5FDB924335292008D749F /* Info.plist */ = {isa = PBXFileReference; lastKnownFileType = text.plist.xml; path = Info.plist; sourceTree = "<group>"; };
		8BA5FDC52433AA7E008D749F /* AnotherViewController.swift */ = {isa = PBXFileReference; lastKnownFileType = sourcecode.swift; path = AnotherViewController.swift; sourceTree = "<group>"; };
/* End PBXFileReference section */

/* Begin PBXFrameworksBuildPhase section */
		8BA5FD8F24335292008D749F /* Frameworks */ = {
			isa = PBXFrameworksBuildPhase;
			buildActionMask = 2147483647;
			files = (
			);
			runOnlyForDeploymentPostprocessing = 0;
		};
		8BA5FDA524335292008D749F /* Frameworks */ = {
			isa = PBXFrameworksBuildPhase;
			buildActionMask = 2147483647;
			files = (
			);
			runOnlyForDeploymentPostprocessing = 0;
		};
		8BA5FDB024335292008D749F /* Frameworks */ = {
			isa = PBXFrameworksBuildPhase;
			buildActionMask = 2147483647;
			files = (
			);
			runOnlyForDeploymentPostprocessing = 0;
		};
/* End PBXFrameworksBuildPhase section */

/* Begin PBXGroup section */
		8BA5FD8924335292008D749F = {
			isa = PBXGroup;
			children = (
				8BA5FD9424335292008D749F /* StudyProject7 */,
				8BA5FDAB24335292008D749F /* StudyProject7Tests */,
				8BA5FDB624335292008D749F /* StudyProject7UITests */,
				8BA5FD9324335292008D749F /* Products */,
			);
			sourceTree = "<group>";
		};
		8BA5FD9324335292008D749F /* Products */ = {
			isa = PBXGroup;
			children = (
				8BA5FD9224335292008D749F /* StudyProject7.app */,
				8BA5FDA824335292008D749F /* StudyProject7Tests.xctest */,
				8BA5FDB324335292008D749F /* StudyProject7UITests.xctest */,
			);
			name = Products;
			sourceTree = "<group>";
		};
		8BA5FD9424335292008D749F /* StudyProject7 */ = {
			isa = PBXGroup;
			children = (
				8BA5FD9524335292008D749F /* AppDelegate.swift */,
				8BA5FD9724335292008D749F /* SceneDelegate.swift */,
				8BA5FD9924335292008D749F /* ViewController.swift */,
				8BA5FDC52433AA7E008D749F /* AnotherViewController.swift */,
				8BA5FD9B24335292008D749F /* Main.storyboard */,
				8BA5FD9E24335292008D749F /* Assets.xcassets */,
				8BA5FDA024335292008D749F /* LaunchScreen.storyboard */,
				8BA5FDA324335292008D749F /* Info.plist */,
			);
			path = StudyProject7;
			sourceTree = "<group>";
		};
		8BA5FDAB24335292008D749F /* StudyProject7Tests */ = {
			isa = PBXGroup;
			children = (
				8BA5FDAC24335292008D749F /* StudyProject7Tests.swift */,
				8BA5FDAE24335292008D749F /* Info.plist */,
			);
			path = StudyProject7Tests;
			sourceTree = "<group>";
		};
		8BA5FDB624335292008D749F /* StudyProject7UITests */ = {
			isa = PBXGroup;
			children = (
				8BA5FDB724335292008D749F /* StudyProject7UITests.swift */,
				8BA5FDB924335292008D749F /* Info.plist */,
			);
			path = StudyProject7UITests;
			sourceTree = "<group>";
		};
/* End PBXGroup section */

/* Begin PBXNativeTarget section */
		8BA5FD9124335292008D749F /* StudyProject7 */ = {
			isa = PBXNativeTarget;
			buildConfigurationList = 8BA5FDBC24335292008D749F /* Build configuration list for PBXNativeTarget "StudyProject7" */;
			buildPhases = (
				8BA5FD8E24335292008D749F /* Sources */,
				8BA5FD8F24335292008D749F /* Frameworks */,
				8BA5FD9024335292008D749F /* Resources */,
			);
			buildRules = (
			);
			dependencies = (
			);
			name = StudyProject7;
			productName = StudyProject7;
			productReference = 8BA5FD9224335292008D749F /* StudyProject7.app */;
			productType = "com.apple.product-type.application";
		};
		8BA5FDA724335292008D749F /* StudyProject7Tests */ = {
			isa = PBXNativeTarget;
			buildConfigurationList = 8BA5FDBF24335292008D749F /* Build configuration list for PBXNativeTarget "StudyProject7Tests" */;
			buildPhases = (
				8BA5FDA424335292008D749F /* Sources */,
				8BA5FDA524335292008D749F /* Frameworks */,
				8BA5FDA624335292008D749F /* Resources */,
			);
			buildRules = (
			);
			dependencies = (
				8BA5FDAA24335292008D749F /* PBXTargetDependency */,
			);
			name = StudyProject7Tests;
			productName = StudyProject7Tests;
			productReference = 8BA5FDA824335292008D749F /* StudyProject7Tests.xctest */;
			productType = "com.apple.product-type.bundle.unit-test";
		};
		8BA5FDB224335292008D749F /* StudyProject7UITests */ = {
			isa = PBXNativeTarget;
			buildConfigurationList = 8BA5FDC224335292008D749F /* Build configuration list for PBXNativeTarget "StudyProject7UITests" */;
			buildPhases = (
				8BA5FDAF24335292008D749F /* Sources */,
				8BA5FDB024335292008D749F /* Frameworks */,
				8BA5FDB124335292008D749F /* Resources */,
			);
			buildRules = (
			);
			dependencies = (
				8BA5FDB524335292008D749F /* PBXTargetDependency */,
			);
			name = StudyProject7UITests;
			productName = StudyProject7UITests;
			productReference = 8BA5FDB324335292008D749F /* StudyProject7UITests.xctest */;
			productType = "com.apple.product-type.bundle.ui-testing";
		};
/* End PBXNativeTarget section */

/* Begin PBXProject section */
		8BA5FD8A24335292008D749F /* Project object */ = {
			isa = PBXProject;
			attributes = {
				LastSwiftUpdateCheck = 1140;
				LastUpgradeCheck = 1140;
				ORGANIZATIONNAME = "Nikolai Faustov";
				TargetAttributes = {
					8BA5FD9124335292008D749F = {
						CreatedOnToolsVersion = 11.4;
					};
					8BA5FDA724335292008D749F = {
						CreatedOnToolsVersion = 11.4;
						TestTargetID = 8BA5FD9124335292008D749F;
					};
					8BA5FDB224335292008D749F = {
						CreatedOnToolsVersion = 11.4;
						TestTargetID = 8BA5FD9124335292008D749F;
					};
				};
			};
			buildConfigurationList = 8BA5FD8D24335292008D749F /* Build configuration list for PBXProject "StudyProject7" */;
			compatibilityVersion = "Xcode 9.3";
			developmentRegion = en;
			hasScannedForEncodings = 0;
			knownRegions = (
				en,
				Base,
			);
			mainGroup = 8BA5FD8924335292008D749F;
			productRefGroup = 8BA5FD9324335292008D749F /* Products */;
			projectDirPath = "";
			projectRoot = "";
			targets = (
				8BA5FD9124335292008D749F /* StudyProject7 */,
				8BA5FDA724335292008D749F /* StudyProject7Tests */,
				8BA5FDB224335292008D749F /* StudyProject7UITests */,
			);
		};
/* End PBXProject section */

/* Begin PBXResourcesBuildPhase section */
		8BA5FD9024335292008D749F /* Resources */ = {
			isa = PBXResourcesBuildPhase;
			buildActionMask = 2147483647;
			files = (
				8BA5FDA224335292008D749F /* LaunchScreen.storyboard in Resources */,
				8BA5FD9F24335292008D749F /* Assets.xcassets in Resources */,
				8BA5FD9D24335292008D749F /* Main.storyboard in Resources */,
			);
			runOnlyForDeploymentPostprocessing = 0;
		};
		8BA5FDA624335292008D749F /* Resources */ = {
			isa = PBXResourcesBuildPhase;
			buildActionMask = 2147483647;
			files = (
			);
			runOnlyForDeploymentPostprocessing = 0;
		};
		8BA5FDB124335292008D749F /* Resources */ = {
			isa = PBXResourcesBuildPhase;
			buildActionMask = 2147483647;
			files = (
			);
			runOnlyForDeploymentPostprocessing = 0;
		};
/* End PBXResourcesBuildPhase section */

/* Begin PBXSourcesBuildPhase section */
		8BA5FD8E24335292008D749F /* Sources */ = {
			isa = PBXSourcesBuildPhase;
			buildActionMask = 2147483647;
			files = (
				8BA5FD9A24335292008D749F /* ViewController.swift in Sources */,
				8BA5FD9624335292008D749F /* AppDelegate.swift in Sources */,
				8BA5FDC62433AA7E008D749F /* AnotherViewController.swift in Sources */,
				8BA5FD9824335292008D749F /* SceneDelegate.swift in Sources */,
			);
			runOnlyForDeploymentPostprocessing = 0;
		};
		8BA5FDA424335292008D749F /* Sources */ = {
			isa = PBXSourcesBuildPhase;
			buildActionMask = 2147483647;
			files = (
				8BA5FDAD24335292008D749F /* StudyProject7Tests.swift in Sources */,
			);
			runOnlyForDeploymentPostprocessing = 0;
		};
		8BA5FDAF24335292008D749F /* Sources */ = {
			isa = PBXSourcesBuildPhase;
			buildActionMask = 2147483647;
			files = (
				8BA5FDB824335292008D749F /* StudyProject7UITests.swift in Sources */,
			);
			runOnlyForDeploymentPostprocessing = 0;
		};
/* End PBXSourcesBuildPhase section */

/* Begin PBXTargetDependency section */
		8BA5FDAA24335292008D749F /* PBXTargetDependency */ = {
			isa = PBXTargetDependency;
			target = 8BA5FD9124335292008D749F /* StudyProject7 */;
			targetProxy = 8BA5FDA924335292008D749F /* PBXContainerItemProxy */;
		};
		8BA5FDB524335292008D749F /* PBXTargetDependency */ = {
			isa = PBXTargetDependency;
			target = 8BA5FD9124335292008D749F /* StudyProject7 */;
			targetProxy = 8BA5FDB424335292008D749F /* PBXContainerItemProxy */;
		};
/* End PBXTargetDependency section */

/* Begin PBXVariantGroup section */
		8BA5FD9B24335292008D749F /* Main.storyboard */ = {
			isa = PBXVariantGroup;
			children = (
				8BA5FD9C24335292008D749F /* Base */,
			);
			name = Main.storyboard;
			sourceTree = "<group>";
		};
		8BA5FDA024335292008D749F /* LaunchScreen.storyboard */ = {
			isa = PBXVariantGroup;
			children = (
				8BA5FDA124335292008D749F /* Base */,
			);
			name = LaunchScreen.storyboard;
			sourceTree = "<group>";
		};
/* End PBXVariantGroup section */

/* Begin XCBuildConfiguration section */
		8BA5FDBA24335292008D749F /* Debug */ = {
			isa = XCBuildConfiguration;
			buildSettings = {
				ALWAYS_SEARCH_USER_PATHS = NO;
				CLANG_ANALYZER_NONNULL = YES;
				CLANG_ANALYZER_NUMBER_OBJECT_CONVERSION = YES_AGGRESSIVE;
				CLANG_CXX_LANGUAGE_STANDARD = "gnu++14";
				CLANG_CXX_LIBRARY = "libc++";
				CLANG_ENABLE_MODULES = YES;
				CLANG_ENABLE_OBJC_ARC = YES;
				CLANG_ENABLE_OBJC_WEAK = YES;
				CLANG_WARN_BLOCK_CAPTURE_AUTORELEASING = YES;
				CLANG_WARN_BOOL_CONVERSION = YES;
				CLANG_WARN_COMMA = YES;
				CLANG_WARN_CONSTANT_CONVERSION = YES;
				CLANG_WARN_DEPRECATED_OBJC_IMPLEMENTATIONS = YES;
				CLANG_WARN_DIRECT_OBJC_ISA_USAGE = YES_ERROR;
				CLANG_WARN_DOCUMENTATION_COMMENTS = YES;
				CLANG_WARN_EMPTY_BODY = YES;
				CLANG_WARN_ENUM_CONVERSION = YES;
				CLANG_WARN_INFINITE_RECURSION = YES;
				CLANG_WARN_INT_CONVERSION = YES;
				CLANG_WARN_NON_LITERAL_NULL_CONVERSION = YES;
				CLANG_WARN_OBJC_IMPLICIT_RETAIN_SELF = YES;
				CLANG_WARN_OBJC_LITERAL_CONVERSION = YES;
				CLANG_WARN_OBJC_ROOT_CLASS = YES_ERROR;
				CLANG_WARN_RANGE_LOOP_ANALYSIS = YES;
				CLANG_WARN_STRICT_PROTOTYPES = YES;
				CLANG_WARN_SUSPICIOUS_MOVE = YES;
				CLANG_WARN_UNGUARDED_AVAILABILITY = YES_AGGRESSIVE;
				CLANG_WARN_UNREACHABLE_CODE = YES;
				CLANG_WARN__DUPLICATE_METHOD_MATCH = YES;
				COPY_PHASE_STRIP = NO;
				DEBUG_INFORMATION_FORMAT = dwarf;
				ENABLE_STRICT_OBJC_MSGSEND = YES;
				ENABLE_TESTABILITY = YES;
				GCC_C_LANGUAGE_STANDARD = gnu11;
				GCC_DYNAMIC_NO_PIC = NO;
				GCC_NO_COMMON_BLOCKS = YES;
				GCC_OPTIMIZATION_LEVEL = 0;
				GCC_PREPROCESSOR_DEFINITIONS = (
					"DEBUG=1",
					"$(inherited)",
				);
				GCC_WARN_64_TO_32_BIT_CONVERSION = YES;
				GCC_WARN_ABOUT_RETURN_TYPE = YES_ERROR;
				GCC_WARN_UNDECLARED_SELECTOR = YES;
				GCC_WARN_UNINITIALIZED_AUTOS = YES_AGGRESSIVE;
				GCC_WARN_UNUSED_FUNCTION = YES;
				GCC_WARN_UNUSED_VARIABLE = YES;
				IPHONEOS_DEPLOYMENT_TARGET = 13.4;
				MTL_ENABLE_DEBUG_INFO = INCLUDE_SOURCE;
				MTL_FAST_MATH = YES;
				ONLY_ACTIVE_ARCH = YES;
				SDKROOT = iphoneos;
				SWIFT_ACTIVE_COMPILATION_CONDITIONS = DEBUG;
				SWIFT_OPTIMIZATION_LEVEL = "-Onone";
			};
			name = Debug;
		};
		8BA5FDBB24335292008D749F /* Release */ = {
			isa = XCBuildConfiguration;
			buildSettings = {
				ALWAYS_SEARCH_USER_PATHS = NO;
				CLANG_ANALYZER_NONNULL = YES;
				CLANG_ANALYZER_NUMBER_OBJECT_CONVERSION = YES_AGGRESSIVE;
				CLANG_CXX_LANGUAGE_STANDARD = "gnu++14";
				CLANG_CXX_LIBRARY = "libc++";
				CLANG_ENABLE_MODULES = YES;
				CLANG_ENABLE_OBJC_ARC = YES;
				CLANG_ENABLE_OBJC_WEAK = YES;
				CLANG_WARN_BLOCK_CAPTURE_AUTORELEASING = YES;
				CLANG_WARN_BOOL_CONVERSION = YES;
				CLANG_WARN_COMMA = YES;
				CLANG_WARN_CONSTANT_CONVERSION = YES;
				CLANG_WARN_DEPRECATED_OBJC_IMPLEMENTATIONS = YES;
				CLANG_WARN_DIRECT_OBJC_ISA_USAGE = YES_ERROR;
				CLANG_WARN_DOCUMENTATION_COMMENTS = YES;
				CLANG_WARN_EMPTY_BODY = YES;
				CLANG_WARN_ENUM_CONVERSION = YES;
				CLANG_WARN_INFINITE_RECURSION = YES;
				CLANG_WARN_INT_CONVERSION = YES;
				CLANG_WARN_NON_LITERAL_NULL_CONVERSION = YES;
				CLANG_WARN_OBJC_IMPLICIT_RETAIN_SELF = YES;
				CLANG_WARN_OBJC_LITERAL_CONVERSION = YES;
				CLANG_WARN_OBJC_ROOT_CLASS = YES_ERROR;
				CLANG_WARN_RANGE_LOOP_ANALYSIS = YES;
				CLANG_WARN_STRICT_PROTOTYPES = YES;
				CLANG_WARN_SUSPICIOUS_MOVE = YES;
				CLANG_WARN_UNGUARDED_AVAILABILITY = YES_AGGRESSIVE;
				CLANG_WARN_UNREACHABLE_CODE = YES;
				CLANG_WARN__DUPLICATE_METHOD_MATCH = YES;
				COPY_PHASE_STRIP = NO;
				DEBUG_INFORMATION_FORMAT = "dwarf-with-dsym";
				ENABLE_NS_ASSERTIONS = NO;
				ENABLE_STRICT_OBJC_MSGSEND = YES;
				GCC_C_LANGUAGE_STANDARD = gnu11;
				GCC_NO_COMMON_BLOCKS = YES;
				GCC_WARN_64_TO_32_BIT_CONVERSION = YES;
				GCC_WARN_ABOUT_RETURN_TYPE = YES_ERROR;
				GCC_WARN_UNDECLARED_SELECTOR = YES;
				GCC_WARN_UNINITIALIZED_AUTOS = YES_AGGRESSIVE;
				GCC_WARN_UNUSED_FUNCTION = YES;
				GCC_WARN_UNUSED_VARIABLE = YES;
				IPHONEOS_DEPLOYMENT_TARGET = 13.4;
				MTL_ENABLE_DEBUG_INFO = NO;
				MTL_FAST_MATH = YES;
				SDKROOT = iphoneos;
				SWIFT_COMPILATION_MODE = wholemodule;
				SWIFT_OPTIMIZATION_LEVEL = "-O";
				VALIDATE_PRODUCT = YES;
			};
			name = Release;
		};
		8BA5FDBD24335292008D749F /* Debug */ = {
			isa = XCBuildConfiguration;
			buildSettings = {
				ASSETCATALOG_COMPILER_APPICON_NAME = AppIcon;
				CODE_SIGN_STYLE = Automatic;
				DEVELOPMENT_TEAM = WQ6FU7ZZ8T;
				INFOPLIST_FILE = StudyProject7/Info.plist;
				LD_RUNPATH_SEARCH_PATHS = (
					"$(inherited)",
					"@executable_path/Frameworks",
				);
				PRODUCT_BUNDLE_IDENTIFIER = qq.StudyProject7;
				PRODUCT_NAME = "$(TARGET_NAME)";
				SWIFT_VERSION = 5.0;
				TARGETED_DEVICE_FAMILY = "1,2";
			};
			name = Debug;
		};
		8BA5FDBE24335292008D749F /* Release */ = {
			isa = XCBuildConfiguration;
			buildSettings = {
				ASSETCATALOG_COMPILER_APPICON_NAME = AppIcon;
				CODE_SIGN_STYLE = Automatic;
				DEVELOPMENT_TEAM = WQ6FU7ZZ8T;
				INFOPLIST_FILE = StudyProject7/Info.plist;
				LD_RUNPATH_SEARCH_PATHS = (
					"$(inherited)",
					"@executable_path/Frameworks",
				);
				PRODUCT_BUNDLE_IDENTIFIER = qq.StudyProject7;
				PRODUCT_NAME = "$(TARGET_NAME)";
				SWIFT_VERSION = 5.0;
				TARGETED_DEVICE_FAMILY = "1,2";
			};
			name = Release;
		};
		8BA5FDC024335292008D749F /* Debug */ = {
			isa = XCBuildConfiguration;
			buildSettings = {
				ALWAYS_EMBED_SWIFT_STANDARD_LIBRARIES = YES;
				BUNDLE_LOADER = "$(TEST_HOST)";
				CODE_SIGN_STYLE = Automatic;
				INFOPLIST_FILE = StudyProject7Tests/Info.plist;
				IPHONEOS_DEPLOYMENT_TARGET = 13.4;
				LD_RUNPATH_SEARCH_PATHS = (
					"$(inherited)",
					"@executable_path/Frameworks",
					"@loader_path/Frameworks",
				);
				PRODUCT_BUNDLE_IDENTIFIER = qq.StudyProject7Tests;
				PRODUCT_NAME = "$(TARGET_NAME)";
				SWIFT_VERSION = 5.0;
				TARGETED_DEVICE_FAMILY = "1,2";
				TEST_HOST = "$(BUILT_PRODUCTS_DIR)/StudyProject7.app/StudyProject7";
			};
			name = Debug;
		};
		8BA5FDC124335292008D749F /* Release */ = {
			isa = XCBuildConfiguration;
			buildSettings = {
				ALWAYS_EMBED_SWIFT_STANDARD_LIBRARIES = YES;
				BUNDLE_LOADER = "$(TEST_HOST)";
				CODE_SIGN_STYLE = Automatic;
				INFOPLIST_FILE = StudyProject7Tests/Info.plist;
				IPHONEOS_DEPLOYMENT_TARGET = 13.4;
				LD_RUNPATH_SEARCH_PATHS = (
					"$(inherited)",
					"@executable_path/Frameworks",
					"@loader_path/Frameworks",
				);
				PRODUCT_BUNDLE_IDENTIFIER = qq.StudyProject7Tests;
				PRODUCT_NAME = "$(TARGET_NAME)";
				SWIFT_VERSION = 5.0;
				TARGETED_DEVICE_FAMILY = "1,2";
				TEST_HOST = "$(BUILT_PRODUCTS_DIR)/StudyProject7.app/StudyProject7";
			};
			name = Release;
		};
		8BA5FDC324335292008D749F /* Debug */ = {
			isa = XCBuildConfiguration;
			buildSettings = {
				ALWAYS_EMBED_SWIFT_STANDARD_LIBRARIES = YES;
				CODE_SIGN_STYLE = Automatic;
				INFOPLIST_FILE = StudyProject7UITests/Info.plist;
				LD_RUNPATH_SEARCH_PATHS = (
					"$(inherited)",
					"@executable_path/Frameworks",
					"@loader_path/Frameworks",
				);
				PRODUCT_BUNDLE_IDENTIFIER = qq.StudyProject7UITests;
				PRODUCT_NAME = "$(TARGET_NAME)";
				SWIFT_VERSION = 5.0;
				TARGETED_DEVICE_FAMILY = "1,2";
				TEST_TARGET_NAME = StudyProject7;
			};
			name = Debug;
		};
		8BA5FDC424335292008D749F /* Release */ = {
			isa = XCBuildConfiguration;
			buildSettings = {
				ALWAYS_EMBED_SWIFT_STANDARD_LIBRARIES = YES;
				CODE_SIGN_STYLE = Automatic;
				INFOPLIST_FILE = StudyProject7UITests/Info.plist;
				LD_RUNPATH_SEARCH_PATHS = (
					"$(inherited)",
					"@executable_path/Frameworks",
					"@loader_path/Frameworks",
				);
				PRODUCT_BUNDLE_IDENTIFIER = qq.StudyProject7UITests;
				PRODUCT_NAME = "$(TARGET_NAME)";
				SWIFT_VERSION = 5.0;
				TARGETED_DEVICE_FAMILY = "1,2";
				TEST_TARGET_NAME = StudyProject7;
			};
			name = Release;
		};
/* End XCBuildConfiguration section */

/* Begin XCConfigurationList section */
		8BA5FD8D24335292008D749F /* Build configuration list for PBXProject "StudyProject7" */ = {
			isa = XCConfigurationList;
			buildConfigurations = (
				8BA5FDBA24335292008D749F /* Debug */,
				8BA5FDBB24335292008D749F /* Release */,
			);
			defaultConfigurationIsVisible = 0;
			defaultConfigurationName = Release;
		};
		8BA5FDBC24335292008D749F /* Build configuration list for PBXNativeTarget "StudyProject7" */ = {
			isa = XCConfigurationList;
			buildConfigurations = (
				8BA5FDBD24335292008D749F /* Debug */,
				8BA5FDBE24335292008D749F /* Release */,
			);
			defaultConfigurationIsVisible = 0;
			defaultConfigurationName = Release;
		};
		8BA5FDBF24335292008D749F /* Build configuration list for PBXNativeTarget "StudyProject7Tests" */ = {
			isa = XCConfigurationList;
			buildConfigurations = (
				8BA5FDC024335292008D749F /* Debug */,
				8BA5FDC124335292008D749F /* Release */,
			);
			defaultConfigurationIsVisible = 0;
			defaultConfigurationName = Release;
		};
		8BA5FDC224335292008D749F /* Build configuration list for PBXNativeTarget "StudyProject7UITests" */ = {
			isa = XCConfigurationList;
			buildConfigurations = (
				8BA5FDC324335292008D749F /* Debug */,
				8BA5FDC424335292008D749F /* Release */,
			);
			defaultConfigurationIsVisible = 0;
			defaultConfigurationName = Release;
		};
/* End XCConfigurationList section */
	};
	rootObject = 8BA5FD8A24335292008D749F /* Project object */;
}
