// !$*UTF8*$!
{
	archiveVersion = 1;
	classes = {
	};
	objectVersion = 50;
	objects = {

/* Begin PBXBuildFile section */
		8B733D0E256878070082784E /* TimeTable.swift in Sources */ = {isa = PBXBuildFile; fileRef = 8B733D0D256878070082784E /* TimeTable.swift */; };
		8B733D15256934BB0082784E /* schedules.json in Resources */ = {isa = PBXBuildFile; fileRef = 8B733D14256934BB0082784E /* schedules.json */; };
		8BCAB79A2559D4A4001A93D0 /* AppDelegate.swift in Sources */ = {isa = PBXBuildFile; fileRef = 8BCAB7992559D4A4001A93D0 /* AppDelegate.swift */; };
		8BCAB79C2559D4A4001A93D0 /* SceneDelegate.swift in Sources */ = {isa = PBXBuildFile; fileRef = 8BCAB79B2559D4A4001A93D0 /* SceneDelegate.swift */; };
		8BCAB7A12559D4A4001A93D0 /* Main.storyboard in Resources */ = {isa = PBXBuildFile; fileRef = 8BCAB79F2559D4A4001A93D0 /* Main.storyboard */; };
		8BCAB7A32559D4A5001A93D0 /* Assets.xcassets in Resources */ = {isa = PBXBuildFile; fileRef = 8BCAB7A22559D4A5001A93D0 /* Assets.xcassets */; };
		8BCAB7A62559D4A5001A93D0 /* LaunchScreen.storyboard in Resources */ = {isa = PBXBuildFile; fileRef = 8BCAB7A42559D4A5001A93D0 /* LaunchScreen.storyboard */; };
		8BCAB7B22559D564001A93D0 /* GraphicTimeTableViewController.swift in Sources */ = {isa = PBXBuildFile; fileRef = 8BCAB7B12559D564001A93D0 /* GraphicTimeTableViewController.swift */; };
		8BCAB7B82559D5BC001A93D0 /* DatePicker.swift in Sources */ = {isa = PBXBuildFile; fileRef = 8BCAB7B72559D5BC001A93D0 /* DatePicker.swift */; };
		8BCAB7BB2559D5EF001A93D0 /* GraphicTimeTableView.swift in Sources */ = {isa = PBXBuildFile; fileRef = 8BCAB7BA2559D5EF001A93D0 /* GraphicTimeTableView.swift */; };
		8BCAB7BE2559D608001A93D0 /* DoctorScheduleView.swift in Sources */ = {isa = PBXBuildFile; fileRef = 8BCAB7BD2559D608001A93D0 /* DoctorScheduleView.swift */; };
		8BCAB7C12559D618001A93D0 /* DoctorSchedule.swift in Sources */ = {isa = PBXBuildFile; fileRef = 8BCAB7C02559D618001A93D0 /* DoctorSchedule.swift */; };
		8BCAB7C42559D960001A93D0 /* Const.swift in Sources */ = {isa = PBXBuildFile; fileRef = 8BCAB7C32559D960001A93D0 /* Const.swift */; };
		8BCAB7D42559DC9C001A93D0 /* Roboto-Light.ttf in Resources */ = {isa = PBXBuildFile; fileRef = 8BCAB7C82559DC9C001A93D0 /* Roboto-Light.ttf */; };
		8BCAB7D52559DC9C001A93D0 /* Roboto-Thin.ttf in Resources */ = {isa = PBXBuildFile; fileRef = 8BCAB7C92559DC9C001A93D0 /* Roboto-Thin.ttf */; };
		8BCAB7D72559DC9C001A93D0 /* Roboto-Regular.ttf in Resources */ = {isa = PBXBuildFile; fileRef = 8BCAB7CB2559DC9C001A93D0 /* Roboto-Regular.ttf */; };
		8BCAB7D92559DC9C001A93D0 /* Roboto-Medium.ttf in Resources */ = {isa = PBXBuildFile; fileRef = 8BCAB7CD2559DC9C001A93D0 /* Roboto-Medium.ttf */; };
		8BCAB7DB2559DC9C001A93D0 /* Roboto-Black.ttf in Resources */ = {isa = PBXBuildFile; fileRef = 8BCAB7CF2559DC9C001A93D0 /* Roboto-Black.ttf */; };
		8BCAB7DE2559DC9C001A93D0 /* Roboto-Bold.ttf in Resources */ = {isa = PBXBuildFile; fileRef = 8BCAB7D22559DC9C001A93D0 /* Roboto-Bold.ttf */; };
/* End PBXBuildFile section */

/* Begin PBXFileReference section */
		8B733D0D256878070082784E /* TimeTable.swift */ = {isa = PBXFileReference; lastKnownFileType = sourcecode.swift; path = TimeTable.swift; sourceTree = "<group>"; };
		8B733D14256934BB0082784E /* schedules.json */ = {isa = PBXFileReference; fileEncoding = 4; lastKnownFileType = text.json; path = schedules.json; sourceTree = "<group>"; };
		8BCAB7962559D4A4001A93D0 /* Clinic Administration.app */ = {isa = PBXFileReference; explicitFileType = wrapper.application; includeInIndex = 0; path = "Clinic Administration.app"; sourceTree = BUILT_PRODUCTS_DIR; };
		8BCAB7992559D4A4001A93D0 /* AppDelegate.swift */ = {isa = PBXFileReference; lastKnownFileType = sourcecode.swift; path = AppDelegate.swift; sourceTree = "<group>"; };
		8BCAB79B2559D4A4001A93D0 /* SceneDelegate.swift */ = {isa = PBXFileReference; lastKnownFileType = sourcecode.swift; path = SceneDelegate.swift; sourceTree = "<group>"; };
		8BCAB7A02559D4A4001A93D0 /* Base */ = {isa = PBXFileReference; lastKnownFileType = file.storyboard; name = Base; path = Base.lproj/Main.storyboard; sourceTree = "<group>"; };
		8BCAB7A22559D4A5001A93D0 /* Assets.xcassets */ = {isa = PBXFileReference; lastKnownFileType = folder.assetcatalog; path = Assets.xcassets; sourceTree = "<group>"; };
		8BCAB7A52559D4A5001A93D0 /* Base */ = {isa = PBXFileReference; lastKnownFileType = file.storyboard; name = Base; path = Base.lproj/LaunchScreen.storyboard; sourceTree = "<group>"; };
		8BCAB7A72559D4A5001A93D0 /* Info.plist */ = {isa = PBXFileReference; lastKnownFileType = text.plist.xml; path = Info.plist; sourceTree = "<group>"; };
		8BCAB7B12559D564001A93D0 /* GraphicTimeTableViewController.swift */ = {isa = PBXFileReference; lastKnownFileType = sourcecode.swift; path = GraphicTimeTableViewController.swift; sourceTree = "<group>"; };
		8BCAB7B72559D5BC001A93D0 /* DatePicker.swift */ = {isa = PBXFileReference; lastKnownFileType = sourcecode.swift; path = DatePicker.swift; sourceTree = "<group>"; };
		8BCAB7BA2559D5EF001A93D0 /* GraphicTimeTableView.swift */ = {isa = PBXFileReference; lastKnownFileType = sourcecode.swift; path = GraphicTimeTableView.swift; sourceTree = "<group>"; };
		8BCAB7BD2559D608001A93D0 /* DoctorScheduleView.swift */ = {isa = PBXFileReference; lastKnownFileType = sourcecode.swift; path = DoctorScheduleView.swift; sourceTree = "<group>"; };
		8BCAB7C02559D618001A93D0 /* DoctorSchedule.swift */ = {isa = PBXFileReference; lastKnownFileType = sourcecode.swift; path = DoctorSchedule.swift; sourceTree = "<group>"; };
		8BCAB7C32559D960001A93D0 /* Const.swift */ = {isa = PBXFileReference; lastKnownFileType = sourcecode.swift; path = Const.swift; sourceTree = "<group>"; };
		8BCAB7C82559DC9C001A93D0 /* Roboto-Light.ttf */ = {isa = PBXFileReference; lastKnownFileType = file; path = "Roboto-Light.ttf"; sourceTree = "<group>"; };
		8BCAB7C92559DC9C001A93D0 /* Roboto-Thin.ttf */ = {isa = PBXFileReference; lastKnownFileType = file; path = "Roboto-Thin.ttf"; sourceTree = "<group>"; };
		8BCAB7CB2559DC9C001A93D0 /* Roboto-Regular.ttf */ = {isa = PBXFileReference; lastKnownFileType = file; path = "Roboto-Regular.ttf"; sourceTree = "<group>"; };
		8BCAB7CD2559DC9C001A93D0 /* Roboto-Medium.ttf */ = {isa = PBXFileReference; lastKnownFileType = file; path = "Roboto-Medium.ttf"; sourceTree = "<group>"; };
		8BCAB7CF2559DC9C001A93D0 /* Roboto-Black.ttf */ = {isa = PBXFileReference; lastKnownFileType = file; path = "Roboto-Black.ttf"; sourceTree = "<group>"; };
		8BCAB7D22559DC9C001A93D0 /* Roboto-Bold.ttf */ = {isa = PBXFileReference; lastKnownFileType = file; path = "Roboto-Bold.ttf"; sourceTree = "<group>"; };
/* End PBXFileReference section */

/* Begin PBXFrameworksBuildPhase section */
		8BCAB7932559D4A4001A93D0 /* Frameworks */ = {
			isa = PBXFrameworksBuildPhase;
			buildActionMask = 2147483647;
			files = (
			);
			runOnlyForDeploymentPostprocessing = 0;
		};
/* End PBXFrameworksBuildPhase section */

/* Begin PBXGroup section */
		8B0F5BC9255D49F400894410 /* Types */ = {
			isa = PBXGroup;
			children = (
				8BCAB7C02559D618001A93D0 /* DoctorSchedule.swift */,
				8B733D0D256878070082784E /* TimeTable.swift */,
			);
			path = Types;
			sourceTree = "<group>";
		};
		8B0F5BD1255D716800894410 /* Constants */ = {
			isa = PBXGroup;
			children = (
				8BCAB7C32559D960001A93D0 /* Const.swift */,
			);
			path = Constants;
			sourceTree = "<group>";
		};
		8B733D1D256A052C0082784E /* Views */ = {
			isa = PBXGroup;
			children = (
				8BCAB7B72559D5BC001A93D0 /* DatePicker.swift */,
			);
			path = Views;
			sourceTree = "<group>";
		};
		8BCAB78D2559D4A4001A93D0 = {
			isa = PBXGroup;
			children = (
				8BCAB7982559D4A4001A93D0 /* Clinic Administration */,
				8BCAB7972559D4A4001A93D0 /* Products */,
			);
			sourceTree = "<group>";
		};
		8BCAB7972559D4A4001A93D0 /* Products */ = {
			isa = PBXGroup;
			children = (
				8BCAB7962559D4A4001A93D0 /* Clinic Administration.app */,
			);
			name = Products;
			sourceTree = "<group>";
		};
		8BCAB7982559D4A4001A93D0 /* Clinic Administration */ = {
			isa = PBXGroup;
			children = (
				8B0F5BD1255D716800894410 /* Constants */,
				8B733D1D256A052C0082784E /* Views */,
				8B0F5BC9255D49F400894410 /* Types */,
				8BCAB7B42559D56A001A93D0 /* GraphicTimeTableScreen */,
				8B733D14256934BB0082784E /* schedules.json */,
				8BCAB79F2559D4A4001A93D0 /* Main.storyboard */,
				8BCAB7AF2559D4D5001A93D0 /* Supporting Files */,
				8BCAB7A72559D4A5001A93D0 /* Info.plist */,
				8BCAB7C72559DC72001A93D0 /* Fonts */,
			);
			path = "Clinic Administration";
			sourceTree = "<group>";
		};
		8BCAB7AF2559D4D5001A93D0 /* Supporting Files */ = {
			isa = PBXGroup;
			children = (
				8BCAB7992559D4A4001A93D0 /* AppDelegate.swift */,
				8BCAB79B2559D4A4001A93D0 /* SceneDelegate.swift */,
				8BCAB7A22559D4A5001A93D0 /* Assets.xcassets */,
				8BCAB7A42559D4A5001A93D0 /* LaunchScreen.storyboard */,
			);
			path = "Supporting Files";
			sourceTree = "<group>";
		};
		8BCAB7B42559D56A001A93D0 /* GraphicTimeTableScreen */ = {
			isa = PBXGroup;
			children = (
				8BCAB7B12559D564001A93D0 /* GraphicTimeTableViewController.swift */,
				8BCAB7BA2559D5EF001A93D0 /* GraphicTimeTableView.swift */,
				8BCAB7BD2559D608001A93D0 /* DoctorScheduleView.swift */,
			);
			path = GraphicTimeTableScreen;
			sourceTree = "<group>";
		};
		8BCAB7C72559DC72001A93D0 /* Fonts */ = {
			isa = PBXGroup;
			children = (
				8BCAB7CF2559DC9C001A93D0 /* Roboto-Black.ttf */,
				8BCAB7D22559DC9C001A93D0 /* Roboto-Bold.ttf */,
				8BCAB7C82559DC9C001A93D0 /* Roboto-Light.ttf */,
				8BCAB7CD2559DC9C001A93D0 /* Roboto-Medium.ttf */,
				8BCAB7CB2559DC9C001A93D0 /* Roboto-Regular.ttf */,
				8BCAB7C92559DC9C001A93D0 /* Roboto-Thin.ttf */,
			);
			path = Fonts;
			sourceTree = "<group>";
		};
/* End PBXGroup section */

/* Begin PBXNativeTarget section */
		8BCAB7952559D4A4001A93D0 /* Clinic Administration */ = {
			isa = PBXNativeTarget;
			buildConfigurationList = 8BCAB7AA2559D4A5001A93D0 /* Build configuration list for PBXNativeTarget "Clinic Administration" */;
			buildPhases = (
				8BCAB7922559D4A4001A93D0 /* Sources */,
				8BCAB7932559D4A4001A93D0 /* Frameworks */,
				8BCAB7942559D4A4001A93D0 /* Resources */,
			);
			buildRules = (
			);
			dependencies = (
			);
			name = "Clinic Administration";
			productName = "Clinic Administration";
			productReference = 8BCAB7962559D4A4001A93D0 /* Clinic Administration.app */;
			productType = "com.apple.product-type.application";
		};
/* End PBXNativeTarget section */

/* Begin PBXProject section */
		8BCAB78E2559D4A4001A93D0 /* Project object */ = {
			isa = PBXProject;
			attributes = {
				LastSwiftUpdateCheck = 1210;
				LastUpgradeCheck = 1210;
				TargetAttributes = {
					8BCAB7952559D4A4001A93D0 = {
						CreatedOnToolsVersion = 12.1;
					};
				};
			};
			buildConfigurationList = 8BCAB7912559D4A4001A93D0 /* Build configuration list for PBXProject "Clinic Administration" */;
			compatibilityVersion = "Xcode 9.3";
			developmentRegion = en;
			hasScannedForEncodings = 0;
			knownRegions = (
				en,
				Base,
			);
			mainGroup = 8BCAB78D2559D4A4001A93D0;
			productRefGroup = 8BCAB7972559D4A4001A93D0 /* Products */;
			projectDirPath = "";
			projectRoot = "";
			targets = (
				8BCAB7952559D4A4001A93D0 /* Clinic Administration */,
			);
		};
/* End PBXProject section */

/* Begin PBXResourcesBuildPhase section */
		8BCAB7942559D4A4001A93D0 /* Resources */ = {
			isa = PBXResourcesBuildPhase;
			buildActionMask = 2147483647;
			files = (
				8BCAB7DE2559DC9C001A93D0 /* Roboto-Bold.ttf in Resources */,
				8BCAB7D72559DC9C001A93D0 /* Roboto-Regular.ttf in Resources */,
				8BCAB7A62559D4A5001A93D0 /* LaunchScreen.storyboard in Resources */,
				8BCAB7A32559D4A5001A93D0 /* Assets.xcassets in Resources */,
				8BCAB7D42559DC9C001A93D0 /* Roboto-Light.ttf in Resources */,
				8BCAB7DB2559DC9C001A93D0 /* Roboto-Black.ttf in Resources */,
				8BCAB7D52559DC9C001A93D0 /* Roboto-Thin.ttf in Resources */,
				8BCAB7A12559D4A4001A93D0 /* Main.storyboard in Resources */,
				8B733D15256934BB0082784E /* schedules.json in Resources */,
				8BCAB7D92559DC9C001A93D0 /* Roboto-Medium.ttf in Resources */,
			);
			runOnlyForDeploymentPostprocessing = 0;
		};
/* End PBXResourcesBuildPhase section */

/* Begin PBXSourcesBuildPhase section */
		8BCAB7922559D4A4001A93D0 /* Sources */ = {
			isa = PBXSourcesBuildPhase;
			buildActionMask = 2147483647;
			files = (
				8B733D0E256878070082784E /* TimeTable.swift in Sources */,
				8BCAB7BE2559D608001A93D0 /* DoctorScheduleView.swift in Sources */,
				8BCAB7B82559D5BC001A93D0 /* DatePicker.swift in Sources */,
				8BCAB7BB2559D5EF001A93D0 /* GraphicTimeTableView.swift in Sources */,
				8BCAB7C12559D618001A93D0 /* DoctorSchedule.swift in Sources */,
				8BCAB79A2559D4A4001A93D0 /* AppDelegate.swift in Sources */,
				8BCAB79C2559D4A4001A93D0 /* SceneDelegate.swift in Sources */,
				8BCAB7B22559D564001A93D0 /* GraphicTimeTableViewController.swift in Sources */,
				8BCAB7C42559D960001A93D0 /* Const.swift in Sources */,
			);
			runOnlyForDeploymentPostprocessing = 0;
		};
/* End PBXSourcesBuildPhase section */

/* Begin PBXVariantGroup section */
		8BCAB79F2559D4A4001A93D0 /* Main.storyboard */ = {
			isa = PBXVariantGroup;
			children = (
				8BCAB7A02559D4A4001A93D0 /* Base */,
			);
			name = Main.storyboard;
			sourceTree = "<group>";
		};
		8BCAB7A42559D4A5001A93D0 /* LaunchScreen.storyboard */ = {
			isa = PBXVariantGroup;
			children = (
				8BCAB7A52559D4A5001A93D0 /* Base */,
			);
			name = LaunchScreen.storyboard;
			sourceTree = "<group>";
		};
/* End PBXVariantGroup section */

/* Begin XCBuildConfiguration section */
		8BCAB7A82559D4A5001A93D0 /* Debug */ = {
			isa = XCBuildConfiguration;
			buildSettings = {
				ALWAYS_SEARCH_USER_PATHS = NO;
				CLANG_ANALYZER_NONNULL = YES;
				CLANG_ANALYZER_NUMBER_OBJECT_CONVERSION = YES_AGGRESSIVE;
				CLANG_CXX_LANGUAGE_STANDARD = "gnu++14";
				CLANG_CXX_LIBRARY = "libc++";
				CLANG_ENABLE_MODULES = YES;
				CLANG_ENABLE_OBJC_ARC = YES;
				CLANG_ENABLE_OBJC_WEAK = YES;
				CLANG_WARN_BLOCK_CAPTURE_AUTORELEASING = YES;
				CLANG_WARN_BOOL_CONVERSION = YES;
				CLANG_WARN_COMMA = YES;
				CLANG_WARN_CONSTANT_CONVERSION = YES;
				CLANG_WARN_DEPRECATED_OBJC_IMPLEMENTATIONS = YES;
				CLANG_WARN_DIRECT_OBJC_ISA_USAGE = YES_ERROR;
				CLANG_WARN_DOCUMENTATION_COMMENTS = YES;
				CLANG_WARN_EMPTY_BODY = YES;
				CLANG_WARN_ENUM_CONVERSION = YES;
				CLANG_WARN_INFINITE_RECURSION = YES;
				CLANG_WARN_INT_CONVERSION = YES;
				CLANG_WARN_NON_LITERAL_NULL_CONVERSION = YES;
				CLANG_WARN_OBJC_IMPLICIT_RETAIN_SELF = YES;
				CLANG_WARN_OBJC_LITERAL_CONVERSION = YES;
				CLANG_WARN_OBJC_ROOT_CLASS = YES_ERROR;
				CLANG_WARN_QUOTED_INCLUDE_IN_FRAMEWORK_HEADER = YES;
				CLANG_WARN_RANGE_LOOP_ANALYSIS = YES;
				CLANG_WARN_STRICT_PROTOTYPES = YES;
				CLANG_WARN_SUSPICIOUS_MOVE = YES;
				CLANG_WARN_UNGUARDED_AVAILABILITY = YES_AGGRESSIVE;
				CLANG_WARN_UNREACHABLE_CODE = YES;
				CLANG_WARN__DUPLICATE_METHOD_MATCH = YES;
				COPY_PHASE_STRIP = NO;
				DEBUG_INFORMATION_FORMAT = dwarf;
				ENABLE_STRICT_OBJC_MSGSEND = YES;
				ENABLE_TESTABILITY = YES;
				GCC_C_LANGUAGE_STANDARD = gnu11;
				GCC_DYNAMIC_NO_PIC = NO;
				GCC_NO_COMMON_BLOCKS = YES;
				GCC_OPTIMIZATION_LEVEL = 0;
				GCC_PREPROCESSOR_DEFINITIONS = (
					"DEBUG=1",
					"$(inherited)",
				);
				GCC_WARN_64_TO_32_BIT_CONVERSION = YES;
				GCC_WARN_ABOUT_RETURN_TYPE = YES_ERROR;
				GCC_WARN_UNDECLARED_SELECTOR = YES;
				GCC_WARN_UNINITIALIZED_AUTOS = YES_AGGRESSIVE;
				GCC_WARN_UNUSED_FUNCTION = YES;
				GCC_WARN_UNUSED_VARIABLE = YES;
				IPHONEOS_DEPLOYMENT_TARGET = 14.1;
				MTL_ENABLE_DEBUG_INFO = INCLUDE_SOURCE;
				MTL_FAST_MATH = YES;
				ONLY_ACTIVE_ARCH = YES;
				SDKROOT = iphoneos;
				SWIFT_ACTIVE_COMPILATION_CONDITIONS = DEBUG;
				SWIFT_OPTIMIZATION_LEVEL = "-Onone";
			};
			name = Debug;
		};
		8BCAB7A92559D4A5001A93D0 /* Release */ = {
			isa = XCBuildConfiguration;
			buildSettings = {
				ALWAYS_SEARCH_USER_PATHS = NO;
				CLANG_ANALYZER_NONNULL = YES;
				CLANG_ANALYZER_NUMBER_OBJECT_CONVERSION = YES_AGGRESSIVE;
				CLANG_CXX_LANGUAGE_STANDARD = "gnu++14";
				CLANG_CXX_LIBRARY = "libc++";
				CLANG_ENABLE_MODULES = YES;
				CLANG_ENABLE_OBJC_ARC = YES;
				CLANG_ENABLE_OBJC_WEAK = YES;
				CLANG_WARN_BLOCK_CAPTURE_AUTORELEASING = YES;
				CLANG_WARN_BOOL_CONVERSION = YES;
				CLANG_WARN_COMMA = YES;
				CLANG_WARN_CONSTANT_CONVERSION = YES;
				CLANG_WARN_DEPRECATED_OBJC_IMPLEMENTATIONS = YES;
				CLANG_WARN_DIRECT_OBJC_ISA_USAGE = YES_ERROR;
				CLANG_WARN_DOCUMENTATION_COMMENTS = YES;
				CLANG_WARN_EMPTY_BODY = YES;
				CLANG_WARN_ENUM_CONVERSION = YES;
				CLANG_WARN_INFINITE_RECURSION = YES;
				CLANG_WARN_INT_CONVERSION = YES;
				CLANG_WARN_NON_LITERAL_NULL_CONVERSION = YES;
				CLANG_WARN_OBJC_IMPLICIT_RETAIN_SELF = YES;
				CLANG_WARN_OBJC_LITERAL_CONVERSION = YES;
				CLANG_WARN_OBJC_ROOT_CLASS = YES_ERROR;
				CLANG_WARN_QUOTED_INCLUDE_IN_FRAMEWORK_HEADER = YES;
				CLANG_WARN_RANGE_LOOP_ANALYSIS = YES;
				CLANG_WARN_STRICT_PROTOTYPES = YES;
				CLANG_WARN_SUSPICIOUS_MOVE = YES;
				CLANG_WARN_UNGUARDED_AVAILABILITY = YES_AGGRESSIVE;
				CLANG_WARN_UNREACHABLE_CODE = YES;
				CLANG_WARN__DUPLICATE_METHOD_MATCH = YES;
				COPY_PHASE_STRIP = NO;
				DEBUG_INFORMATION_FORMAT = "dwarf-with-dsym";
				ENABLE_NS_ASSERTIONS = NO;
				ENABLE_STRICT_OBJC_MSGSEND = YES;
				GCC_C_LANGUAGE_STANDARD = gnu11;
				GCC_NO_COMMON_BLOCKS = YES;
				GCC_WARN_64_TO_32_BIT_CONVERSION = YES;
				GCC_WARN_ABOUT_RETURN_TYPE = YES_ERROR;
				GCC_WARN_UNDECLARED_SELECTOR = YES;
				GCC_WARN_UNINITIALIZED_AUTOS = YES_AGGRESSIVE;
				GCC_WARN_UNUSED_FUNCTION = YES;
				GCC_WARN_UNUSED_VARIABLE = YES;
				IPHONEOS_DEPLOYMENT_TARGET = 14.1;
				MTL_ENABLE_DEBUG_INFO = NO;
				MTL_FAST_MATH = YES;
				SDKROOT = iphoneos;
				SWIFT_COMPILATION_MODE = wholemodule;
				SWIFT_OPTIMIZATION_LEVEL = "-O";
				VALIDATE_PRODUCT = YES;
			};
			name = Release;
		};
		8BCAB7AB2559D4A5001A93D0 /* Debug */ = {
			isa = XCBuildConfiguration;
			buildSettings = {
				ASSETCATALOG_COMPILER_APPICON_NAME = AppIcon;
				ASSETCATALOG_COMPILER_GLOBAL_ACCENT_COLOR_NAME = AccentColor;
				CODE_SIGN_STYLE = Automatic;
				DEVELOPMENT_TEAM = WQ6FU7ZZ8T;
				INFOPLIST_FILE = "Clinic Administration/Info.plist";
				IPHONEOS_DEPLOYMENT_TARGET = 13.0;
				LD_RUNPATH_SEARCH_PATHS = (
					"$(inherited)",
					"@executable_path/Frameworks",
				);
				PRODUCT_BUNDLE_IDENTIFIER = "qq.Clinic-Administration";
				PRODUCT_NAME = "$(TARGET_NAME)";
				SWIFT_VERSION = 5.0;
				TARGETED_DEVICE_FAMILY = 1;
			};
			name = Debug;
		};
		8BCAB7AC2559D4A5001A93D0 /* Release */ = {
			isa = XCBuildConfiguration;
			buildSettings = {
				ASSETCATALOG_COMPILER_APPICON_NAME = AppIcon;
				ASSETCATALOG_COMPILER_GLOBAL_ACCENT_COLOR_NAME = AccentColor;
				CODE_SIGN_STYLE = Automatic;
				DEVELOPMENT_TEAM = WQ6FU7ZZ8T;
				INFOPLIST_FILE = "Clinic Administration/Info.plist";
				IPHONEOS_DEPLOYMENT_TARGET = 13.0;
				LD_RUNPATH_SEARCH_PATHS = (
					"$(inherited)",
					"@executable_path/Frameworks",
				);
				PRODUCT_BUNDLE_IDENTIFIER = "qq.Clinic-Administration";
				PRODUCT_NAME = "$(TARGET_NAME)";
				SWIFT_VERSION = 5.0;
				TARGETED_DEVICE_FAMILY = 1;
			};
			name = Release;
		};
/* End XCBuildConfiguration section */

/* Begin XCConfigurationList section */
		8BCAB7912559D4A4001A93D0 /* Build configuration list for PBXProject "Clinic Administration" */ = {
			isa = XCConfigurationList;
			buildConfigurations = (
				8BCAB7A82559D4A5001A93D0 /* Debug */,
				8BCAB7A92559D4A5001A93D0 /* Release */,
			);
			defaultConfigurationIsVisible = 0;
			defaultConfigurationName = Release;
		};
		8BCAB7AA2559D4A5001A93D0 /* Build configuration list for PBXNativeTarget "Clinic Administration" */ = {
			isa = XCConfigurationList;
			buildConfigurations = (
				8BCAB7AB2559D4A5001A93D0 /* Debug */,
				8BCAB7AC2559D4A5001A93D0 /* Release */,
			);
			defaultConfigurationIsVisible = 0;
			defaultConfigurationName = Release;
		};
/* End XCConfigurationList section */
	};
	rootObject = 8BCAB78E2559D4A4001A93D0 /* Project object */;
}
